
Microsoft Visual Studio Solution File, Format Version 12.00
# Visual Studio Version 17
VisualStudioVersion = 17.3.32929.385
MinimumVisualStudioVersion = 10.0.40219.1
Project("{FAE04EC0-301F-11D3-BF4B-00C04F79EFBC}") = "RetopBot", "RetopBot\RetopBot.csproj", "{1D500C6B-BCEB-444A-B9BB-0735CE84CF78}"
EndProject
Project("{54435603-DBB4-11D2-8724-00A0C9A8B90C}") = "ModeratorBot", "ModeratorBot\ModeratorBot.vdproj", "{1FE98A18-3A4D-45DA-B592-B156688A9F82}"
EndProject
Global
	GlobalSection(SolutionConfigurationPlatforms) = preSolution
		Debug|Any CPU = Debug|Any CPU
		Release|Any CPU = Release|Any CPU
	EndGlobalSection
	GlobalSection(ProjectConfigurationPlatforms) = postSolution
		{1D500C6B-BCEB-444A-B9BB-0735CE84CF78}.Debug|Any CPU.ActiveCfg = Debug|Any CPU
		{1D500C6B-BCEB-444A-B9BB-0735CE84CF78}.Debug|Any CPU.Build.0 = Debug|Any CPU
		{1D500C6B-BCEB-444A-B9BB-0735CE84CF78}.Release|Any CPU.ActiveCfg = Release|Any CPU
		{1D500C6B-BCEB-444A-B9BB-0735CE84CF78}.Release|Any CPU.Build.0 = Release|Any CPU
		{1FE98A18-3A4D-45DA-B592-B156688A9F82}.Debug|Any CPU.ActiveCfg = Debug
		{1FE98A18-3A4D-45DA-B592-B156688A9F82}.Release|Any CPU.ActiveCfg = Release
	EndGlobalSection
	GlobalSection(SolutionProperties) = preSolution
		HideSolutionNode = FALSE
	EndGlobalSection
	GlobalSection(ExtensibilityGlobals) = postSolution
		SolutionGuid = {1C280BF4-77F9-4E9A-8900-9B32409DF387}
	EndGlobalSection
EndGlobal
